
Microsoft Visual Studio Solution File, Format Version 12.00
# Visual Studio Version 16
VisualStudioVersion = 16.0.29424.173
MinimumVisualStudioVersion = 10.0.40219.1
Project("{FAE04EC0-301F-11D3-BF4B-00C04F79EFBC}") = "EmguCV", "EmguCV\EmguCV.csproj", "{BEE8F75F-AB14-4632-9E79-7F685FD9EBE4}"
EndProject
Project("{FAE04EC0-301F-11D3-BF4B-00C04F79EFBC}") = "BancoDeDados", "BancoDeDados\BancoDeDados.csproj", "{4D8180EC-960D-4BD2-89B1-C1539C0F78DA}"
EndProject
Global
	GlobalSection(SolutionConfigurationPlatforms) = preSolution
		Debug|Any CPU = Debug|Any CPU
		Release|Any CPU = Release|Any CPU
	EndGlobalSection
	GlobalSection(ProjectConfigurationPlatforms) = postSolution
		{BEE8F75F-AB14-4632-9E79-7F685FD9EBE4}.Debug|Any CPU.ActiveCfg = Debug|Any CPU
		{BEE8F75F-AB14-4632-9E79-7F685FD9EBE4}.Debug|Any CPU.Build.0 = Debug|Any CPU
		{BEE8F75F-AB14-4632-9E79-7F685FD9EBE4}.Release|Any CPU.ActiveCfg = Release|Any CPU
		{BEE8F75F-AB14-4632-9E79-7F685FD9EBE4}.Release|Any CPU.Build.0 = Release|Any CPU
		{4D8180EC-960D-4BD2-89B1-C1539C0F78DA}.Debug|Any CPU.ActiveCfg = Debug|Any CPU
		{4D8180EC-960D-4BD2-89B1-C1539C0F78DA}.Debug|Any CPU.Build.0 = Debug|Any CPU
		{4D8180EC-960D-4BD2-89B1-C1539C0F78DA}.Release|Any CPU.ActiveCfg = Release|Any CPU
		{4D8180EC-960D-4BD2-89B1-C1539C0F78DA}.Release|Any CPU.Build.0 = Release|Any CPU
	EndGlobalSection
	GlobalSection(SolutionProperties) = preSolution
		HideSolutionNode = FALSE
	EndGlobalSection
	GlobalSection(ExtensibilityGlobals) = postSolution
		SolutionGuid = {EB511314-914B-4BE9-88FD-B656892B2B15}
	EndGlobalSection
EndGlobal
